
Microsoft Visual Studio Solution File, Format Version 11.00
# Visual Studio 2010
Project("{F184B08F-C81C-45F6-A57F-5ABD9991F28F}") = "Aurora", "Aurora\Aurora.vbproj", "{31D57F14-B8C7-4B67-8979-273B4C661186}"
EndProject
Global
	GlobalSection(SolutionConfigurationPlatforms) = preSolution
		Debug|x86 = Debug|x86
		Release|x86 = Release|x86
	EndGlobalSection
	GlobalSection(ProjectConfigurationPlatforms) = postSolution
		{31D57F14-B8C7-4B67-8979-273B4C661186}.Debug|x86.ActiveCfg = Debug|x86
		{31D57F14-B8C7-4B67-8979-273B4C661186}.Debug|x86.Build.0 = Debug|x86
		{31D57F14-B8C7-4B67-8979-273B4C661186}.Release|x86.ActiveCfg = Release|x86
		{31D57F14-B8C7-4B67-8979-273B4C661186}.Release|x86.Build.0 = Release|x86
	EndGlobalSection
	GlobalSection(SolutionProperties) = preSolution
		HideSolutionNode = FALSE
	EndGlobalSection
EndGlobal
